{
  "name": "jiudaoown",
  "version": "1.0.0",
  "lockfileVersion": 2,
  "requires": true,
  "packages": {
    "": {
      "name": "jiudaoown",
      "version": "1.0.0",
      "license": "ISC",
      "dependencies": {
        "js-base64": "^3.7.2",
        "lin-ui": "^0.9.4"
      }
    },
    "node_modules/js-base64": {
      "version": "3.7.2",
      "resolved": "https://registry.npmmirror.com/js-base64/-/js-base64-3.7.2.tgz",
      "integrity": "sha512-NnRs6dsyqUXejqk/yv2aiXlAvOs56sLkX6nUdeaNezI5LFFLlsZjOThmwnrcwh5ZZRwZlCMnVAY3CvhIhoVEKQ=="
    },
    "node_modules/lin-ui": {
      "version": "0.9.4",
      "resolved": "https://registry.npm.taobao.org/lin-ui/download/lin-ui-0.9.4.tgz",
      "integrity": "sha1-PzSWGAmqF11Jwy5CRPt9saRkGcw="
    }
  },
  "dependencies": {
    "js-base64": {
      "version": "3.7.2",
      "resolved": "https://registry.npmmirror.com/js-base64/-/js-base64-3.7.2.tgz",
      "integrity": "sha512-NnRs6dsyqUXejqk/yv2aiXlAvOs56sLkX6nUdeaNezI5LFFLlsZjOThmwnrcwh5ZZRwZlCMnVAY3CvhIhoVEKQ=="
    },
    "lin-ui": {
      "version": "0.9.4",
      "resolved": "https://registry.npm.taobao.org/lin-ui/download/lin-ui-0.9.4.tgz",
      "integrity": "sha1-PzSWGAmqF11Jwy5CRPt9saRkGcw="
    }
  }
}
